
Microsoft Visual Studio Solution File, Format Version 12.00
# Visual Studio Version 17
VisualStudioVersion = 17.9.34622.214
MinimumVisualStudioVersion = 10.0.40219.1
Project("{FAE04EC0-301F-11D3-BF4B-00C04F79EFBC}") = "PokemonApp", "PokemonApp.csproj", "{4566B07A-2450-4BFC-B6D9-59C181CCDD9D}"
EndProject
Global
	GlobalSection(SolutionConfigurationPlatforms) = preSolution
		Debug|Any CPU = Debug|Any CPU
		Release|Any CPU = Release|Any CPU
	EndGlobalSection
	GlobalSection(ProjectConfigurationPlatforms) = postSolution
		{4566B07A-2450-4BFC-B6D9-59C181CCDD9D}.Debug|Any CPU.ActiveCfg = Debug|Any CPU
		{4566B07A-2450-4BFC-B6D9-59C181CCDD9D}.Debug|Any CPU.Build.0 = Debug|Any CPU
		{4566B07A-2450-4BFC-B6D9-59C181CCDD9D}.Release|Any CPU.ActiveCfg = Release|Any CPU
		{4566B07A-2450-4BFC-B6D9-59C181CCDD9D}.Release|Any CPU.Build.0 = Release|Any CPU
	EndGlobalSection
	GlobalSection(SolutionProperties) = preSolution
		HideSolutionNode = FALSE
	EndGlobalSection
	GlobalSection(ExtensibilityGlobals) = postSolution
		SolutionGuid = {1D10C917-E3F3-449E-A1EF-B68B1FEAF0BA}
	EndGlobalSection
EndGlobal
